
Microsoft Visual Studio Solution File, Format Version 12.00
# Visual Studio Version 16
VisualStudioVersion = 16.0.30320.27
MinimumVisualStudioVersion = 10.0.40219.1
Project("{FAE04EC0-301F-11D3-BF4B-00C04F79EFBC}") = "client", "client\client.csproj", "{D40C8A08-CC8B-4F65-A33B-8DE0C1A1894B}"
EndProject
Project("{FAE04EC0-301F-11D3-BF4B-00C04F79EFBC}") = "server", "server\server.csproj", "{90D4BEC0-AA5D-445B-B4FF-BDCAB7EBFA16}"
EndProject
Global
	GlobalSection(SolutionConfigurationPlatforms) = preSolution
		Debug|Any CPU = Debug|Any CPU
		Release|Any CPU = Release|Any CPU
	EndGlobalSection
	GlobalSection(ProjectConfigurationPlatforms) = postSolution
		{D40C8A08-CC8B-4F65-A33B-8DE0C1A1894B}.Debug|Any CPU.ActiveCfg = Debug|Any CPU
		{D40C8A08-CC8B-4F65-A33B-8DE0C1A1894B}.Debug|Any CPU.Build.0 = Debug|Any CPU
		{D40C8A08-CC8B-4F65-A33B-8DE0C1A1894B}.Release|Any CPU.ActiveCfg = Release|x86
		{D40C8A08-CC8B-4F65-A33B-8DE0C1A1894B}.Release|Any CPU.Build.0 = Release|x86
		{90D4BEC0-AA5D-445B-B4FF-BDCAB7EBFA16}.Debug|Any CPU.ActiveCfg = Debug|Any CPU
		{90D4BEC0-AA5D-445B-B4FF-BDCAB7EBFA16}.Debug|Any CPU.Build.0 = Debug|Any CPU
		{90D4BEC0-AA5D-445B-B4FF-BDCAB7EBFA16}.Release|Any CPU.ActiveCfg = Release|x86
		{90D4BEC0-AA5D-445B-B4FF-BDCAB7EBFA16}.Release|Any CPU.Build.0 = Release|x86
	EndGlobalSection
	GlobalSection(SolutionProperties) = preSolution
		HideSolutionNode = FALSE
	EndGlobalSection
	GlobalSection(ExtensibilityGlobals) = postSolution
		SolutionGuid = {8224162E-4F0F-49AE-8902-75E31585FE37}
	EndGlobalSection
EndGlobal
